
Microsoft Visual Studio Solution File, Format Version 12.00
# Visual Studio Version 17
VisualStudioVersion = 17.8.34330.188
MinimumVisualStudioVersion = 10.0.40219.1
Project("{FAE04EC0-301F-11D3-BF4B-00C04F79EFBC}") = "missionTwo", "missionTwo.csproj", "{F8870E35-E82A-4871-B419-D119694334AD}"
EndProject
Global
	GlobalSection(SolutionConfigurationPlatforms) = preSolution
		Debug|Any CPU = Debug|Any CPU
		Release|Any CPU = Release|Any CPU
	EndGlobalSection
	GlobalSection(ProjectConfigurationPlatforms) = postSolution
		{F8870E35-E82A-4871-B419-D119694334AD}.Debug|Any CPU.ActiveCfg = Debug|Any CPU
		{F8870E35-E82A-4871-B419-D119694334AD}.Debug|Any CPU.Build.0 = Debug|Any CPU
		{F8870E35-E82A-4871-B419-D119694334AD}.Release|Any CPU.ActiveCfg = Release|Any CPU
		{F8870E35-E82A-4871-B419-D119694334AD}.Release|Any CPU.Build.0 = Release|Any CPU
	EndGlobalSection
	GlobalSection(SolutionProperties) = preSolution
		HideSolutionNode = FALSE
	EndGlobalSection
	GlobalSection(ExtensibilityGlobals) = postSolution
		SolutionGuid = {BAB12C11-C135-49B1-88FD-C438A55C35DB}
	EndGlobalSection
EndGlobal
